
Microsoft Visual Studio Solution File, Format Version 12.00
# Visual Studio 15
Project("{FAE04EC0-301F-11D3-BF4B-00C04F79EFBC}") = "5.Touch", "5.Touch.csproj", "{1F9F91C0-7FC4-4717-9440-63E772C06EDD}"
EndProject
Global
	GlobalSection(SolutionConfigurationPlatforms) = preSolution
		Debug|iPhoneSimulator = Debug|iPhoneSimulator
		Release|iPhoneSimulator = Release|iPhoneSimulator
		Debug|iPhone = Debug|iPhone
		Release|iPhone = Release|iPhone
	EndGlobalSection
	GlobalSection(ProjectConfigurationPlatforms) = postSolution
		{1F9F91C0-7FC4-4717-9440-63E772C06EDD}.Debug|iPhoneSimulator.ActiveCfg = Debug|iPhoneSimulator
		{1F9F91C0-7FC4-4717-9440-63E772C06EDD}.Debug|iPhoneSimulator.Build.0 = Debug|iPhoneSimulator
		{1F9F91C0-7FC4-4717-9440-63E772C06EDD}.Release|iPhoneSimulator.ActiveCfg = Release|iPhoneSimulator
		{1F9F91C0-7FC4-4717-9440-63E772C06EDD}.Release|iPhoneSimulator.Build.0 = Release|iPhoneSimulator
		{1F9F91C0-7FC4-4717-9440-63E772C06EDD}.Debug|iPhone.ActiveCfg = Debug|iPhone
		{1F9F91C0-7FC4-4717-9440-63E772C06EDD}.Debug|iPhone.Build.0 = Debug|iPhone
		{1F9F91C0-7FC4-4717-9440-63E772C06EDD}.Release|iPhone.ActiveCfg = Release|iPhone
		{1F9F91C0-7FC4-4717-9440-63E772C06EDD}.Release|iPhone.Build.0 = Release|iPhone
	EndGlobalSection
EndGlobal
