
Microsoft Visual Studio Solution File, Format Version 12.00
# Visual Studio 15
Project("{FAE04EC0-301F-11D3-BF4B-00C04F79EFBC}") = "9.AnimacionUIKIT", "9.AnimacionUIKIT.csproj", "{E2EFF8B1-77CE-48CA-BA8E-539558A29A99}"
EndProject
Global
	GlobalSection(SolutionConfigurationPlatforms) = preSolution
		Debug|iPhoneSimulator = Debug|iPhoneSimulator
		Release|iPhoneSimulator = Release|iPhoneSimulator
		Debug|iPhone = Debug|iPhone
		Release|iPhone = Release|iPhone
	EndGlobalSection
	GlobalSection(ProjectConfigurationPlatforms) = postSolution
		{E2EFF8B1-77CE-48CA-BA8E-539558A29A99}.Debug|iPhoneSimulator.ActiveCfg = Debug|iPhoneSimulator
		{E2EFF8B1-77CE-48CA-BA8E-539558A29A99}.Debug|iPhoneSimulator.Build.0 = Debug|iPhoneSimulator
		{E2EFF8B1-77CE-48CA-BA8E-539558A29A99}.Release|iPhoneSimulator.ActiveCfg = Release|iPhoneSimulator
		{E2EFF8B1-77CE-48CA-BA8E-539558A29A99}.Release|iPhoneSimulator.Build.0 = Release|iPhoneSimulator
		{E2EFF8B1-77CE-48CA-BA8E-539558A29A99}.Debug|iPhone.ActiveCfg = Debug|iPhone
		{E2EFF8B1-77CE-48CA-BA8E-539558A29A99}.Debug|iPhone.Build.0 = Debug|iPhone
		{E2EFF8B1-77CE-48CA-BA8E-539558A29A99}.Release|iPhone.ActiveCfg = Release|iPhone
		{E2EFF8B1-77CE-48CA-BA8E-539558A29A99}.Release|iPhone.Build.0 = Release|iPhone
	EndGlobalSection
EndGlobal
