
Microsoft Visual Studio Solution File, Format Version 12.00
# Visual Studio 15
Project("{FAE04EC0-301F-11D3-BF4B-00C04F79EFBC}") = "22.MultipleGestures", "22.MultipleGestures.csproj", "{68A03107-6A96-4732-B366-25E4EDEE6472}"
EndProject
Global
	GlobalSection(SolutionConfigurationPlatforms) = preSolution
		Debug|iPhoneSimulator = Debug|iPhoneSimulator
		Release|iPhoneSimulator = Release|iPhoneSimulator
		Debug|iPhone = Debug|iPhone
		Release|iPhone = Release|iPhone
	EndGlobalSection
	GlobalSection(ProjectConfigurationPlatforms) = postSolution
		{68A03107-6A96-4732-B366-25E4EDEE6472}.Debug|iPhoneSimulator.ActiveCfg = Debug|iPhoneSimulator
		{68A03107-6A96-4732-B366-25E4EDEE6472}.Debug|iPhoneSimulator.Build.0 = Debug|iPhoneSimulator
		{68A03107-6A96-4732-B366-25E4EDEE6472}.Release|iPhoneSimulator.ActiveCfg = Release|iPhoneSimulator
		{68A03107-6A96-4732-B366-25E4EDEE6472}.Release|iPhoneSimulator.Build.0 = Release|iPhoneSimulator
		{68A03107-6A96-4732-B366-25E4EDEE6472}.Debug|iPhone.ActiveCfg = Debug|iPhone
		{68A03107-6A96-4732-B366-25E4EDEE6472}.Debug|iPhone.Build.0 = Debug|iPhone
		{68A03107-6A96-4732-B366-25E4EDEE6472}.Release|iPhone.ActiveCfg = Release|iPhone
		{68A03107-6A96-4732-B366-25E4EDEE6472}.Release|iPhone.Build.0 = Release|iPhone
	EndGlobalSection
EndGlobal
