
Microsoft Visual Studio Solution File, Format Version 12.00
# Visual Studio 15
Project("{FAE04EC0-301F-11D3-BF4B-00C04F79EFBC}") = "17.ScrollView", "17.ScrollView.csproj", "{08360210-82CD-48A0-93EE-9F9955942B07}"
EndProject
Global
	GlobalSection(SolutionConfigurationPlatforms) = preSolution
		Debug|iPhoneSimulator = Debug|iPhoneSimulator
		Release|iPhoneSimulator = Release|iPhoneSimulator
		Debug|iPhone = Debug|iPhone
		Release|iPhone = Release|iPhone
	EndGlobalSection
	GlobalSection(ProjectConfigurationPlatforms) = postSolution
		{08360210-82CD-48A0-93EE-9F9955942B07}.Debug|iPhoneSimulator.ActiveCfg = Debug|iPhoneSimulator
		{08360210-82CD-48A0-93EE-9F9955942B07}.Debug|iPhoneSimulator.Build.0 = Debug|iPhoneSimulator
		{08360210-82CD-48A0-93EE-9F9955942B07}.Release|iPhoneSimulator.ActiveCfg = Release|iPhoneSimulator
		{08360210-82CD-48A0-93EE-9F9955942B07}.Release|iPhoneSimulator.Build.0 = Release|iPhoneSimulator
		{08360210-82CD-48A0-93EE-9F9955942B07}.Debug|iPhone.ActiveCfg = Debug|iPhone
		{08360210-82CD-48A0-93EE-9F9955942B07}.Debug|iPhone.Build.0 = Debug|iPhone
		{08360210-82CD-48A0-93EE-9F9955942B07}.Release|iPhone.ActiveCfg = Release|iPhone
		{08360210-82CD-48A0-93EE-9F9955942B07}.Release|iPhone.Build.0 = Release|iPhone
	EndGlobalSection
EndGlobal
