
Microsoft Visual Studio Solution File, Format Version 12.00
# Visual Studio 15
Project("{FAE04EC0-301F-11D3-BF4B-00C04F79EFBC}") = "18.Slidingmenu", "18.Slidingmenu.csproj", "{BF737A64-F47E-45B0-8157-C4B4F440D357}"
EndProject
Global
	GlobalSection(SolutionConfigurationPlatforms) = preSolution
		Debug|iPhoneSimulator = Debug|iPhoneSimulator
		Release|iPhoneSimulator = Release|iPhoneSimulator
		Debug|iPhone = Debug|iPhone
		Release|iPhone = Release|iPhone
	EndGlobalSection
	GlobalSection(ProjectConfigurationPlatforms) = postSolution
		{BF737A64-F47E-45B0-8157-C4B4F440D357}.Debug|iPhoneSimulator.ActiveCfg = Debug|iPhoneSimulator
		{BF737A64-F47E-45B0-8157-C4B4F440D357}.Debug|iPhoneSimulator.Build.0 = Debug|iPhoneSimulator
		{BF737A64-F47E-45B0-8157-C4B4F440D357}.Release|iPhoneSimulator.ActiveCfg = Release|iPhoneSimulator
		{BF737A64-F47E-45B0-8157-C4B4F440D357}.Release|iPhoneSimulator.Build.0 = Release|iPhoneSimulator
		{BF737A64-F47E-45B0-8157-C4B4F440D357}.Debug|iPhone.ActiveCfg = Debug|iPhone
		{BF737A64-F47E-45B0-8157-C4B4F440D357}.Debug|iPhone.Build.0 = Debug|iPhone
		{BF737A64-F47E-45B0-8157-C4B4F440D357}.Release|iPhone.ActiveCfg = Release|iPhone
		{BF737A64-F47E-45B0-8157-C4B4F440D357}.Release|iPhone.Build.0 = Release|iPhone
	EndGlobalSection
EndGlobal
